<?xml version="1.0" encoding="utf-8"?>
<Project ToolsVersion="4.0" xmlns="http://schemas.microsoft.com/developer/msbuild/2003">
  <ItemGroup>
    <Filter Include="Resource Files">
      <UniqueIdentifier>{38712199-cebf-4124-bf15-398f7c3419ea}</UniqueIdentifier>
      <Extensions>ico;cur;bmp;dlg;rc2;rct;bin;rgs;gif;jpg;jpeg;jpe</Extensions>
    </Filter>
    <Filter Include="FreeRTOS Source">
      <UniqueIdentifier>{af3445a1-4908-4170-89ed-39345d90d30c}</UniqueIdentifier>
    </Filter>
    <Filter Include="FreeRTOS Source\Source">
      <UniqueIdentifier>{f32be356-4763-4cae-9020-974a2638cb08}</UniqueIdentifier>
      <Extensions>*.c</Extensions>
    </Filter>
    <Filter Include="FreeRTOS Source\Include">
      <UniqueIdentifier>{a60060e3-3949-4f60-b025-cb84164ae9ed}</UniqueIdentifier>
    </Filter>
    <Filter Include="Demo App Source">
      <UniqueIdentifier>{34567deb-d5ab-4a56-8640-0aaec609521a}</UniqueIdentifier>
      <Extensions>cpp;c;cxx;rc;def;r;odl;idl;hpj;bat</Extensions>
    </Filter>
    <Filter Include="FreeRTOS Source\Source\Portable">
      <UniqueIdentifier>{88f409e6-d396-4ac5-94bd-7a99c914be46}</UniqueIdentifier>
    </Filter>
    <Filter Include="Configuration Files">
      <UniqueIdentifier>{19ff1a34-36de-4c48-9d10-3fb1fa0d1fa4}</UniqueIdentifier>
      <Extensions>h;hpp;hxx;hm;inl</Extensions>
    </Filter>
    <Filter Include="Demo App Source\FreeRTOS+Trace Recorder">
      <UniqueIdentifier>{90b56567-bab6-4d92-b319-b514d378329d}</UniqueIdentifier>
    </Filter>
    <Filter Include="Demo App Source\Full_Demo">
      <UniqueIdentifier>{4ae1665e-a7bb-4c1a-81a3-531d883e6f2d}</UniqueIdentifier>
    </Filter>
    <Filter Include="Demo App Source\Full_Demo\Common Demo Tasks">
      <UniqueIdentifier>{2d4a700c-06e3-4dd2-afbe-ab1be71ebe2a}</UniqueIdentifier>
    </Filter>
    <Filter Include="Demo App Source\Blinky_Demo">
      <UniqueIdentifier>{fb86fa48-ac27-4f87-9215-ce9e1a1a85f9}</UniqueIdentifier>
    </Filter>
    <Filter Include="Demo App Source\FreeRTOS+Trace Recorder\include">
      <UniqueIdentifier>{5cb8735d-498f-40aa-bf5c-9d41923b7968}</UniqueIdentifier>
    </Filter>
  </ItemGroup>
  <ItemGroup>
    <ClCompile Include="main.c">
      <Filter>Demo App Source</Filter>
    </ClCompile>
    <ClCompile Include="Run-time-stats-utils.c">
      <Filter>Demo App Source</Filter>
    </ClCompile>
    <ClCompile Include="main_full.c">
      <Filter>Demo App Source\Full_Demo</Filter>
    </ClCompile>
    <ClCompile Include="main_blinky.c">
      <Filter>Demo App Source\Blinky_Demo</Filter>
    </ClCompile>
    <ClCompile Include="tasks\source\task_throttle.c">
      <Filter>Demo App Source</Filter>
    </ClCompile>
    <ClCompile Include="Drivers\STATE_MACHINE\state_machine.c">
      <Filter>Demo App Source</Filter>
    </ClCompile>
    <ClCompile Include="data_structures\vcu_common.c">
      <Filter>Demo App Source</Filter>
    </ClCompile>
    <ClCompile Include="data_structures\vcu_data.c">
      <Filter>Demo App Source</Filter>
    </ClCompile>
    <ClCompile Include="Drivers\UART\Phantom_sci.c">
      <Filter>Demo App Source</Filter>
    </ClCompile>
    <ClCompile Include="tasks\source\task_eeprom.c">
      <Filter>Demo App Source</Filter>
    </ClCompile>
    <ClCompile Include="tasks\source\task_pedal_readings.c">
      <Filter>Demo App Source</Filter>
    </ClCompile>
    <ClCompile Include="tasks\source\task_watchdog.c">
      <Filter>Demo App Source</Filter>
    </ClCompile>
    <ClCompile Include="Drivers\DAC_SPI\MCP48FV_DAC_SPI.c">
      <Filter>Demo App Source</Filter>
    </ClCompile>
    <ClCompile Include="FreeRTOS-Plus\Source\FreeRTOS-Plus-Trace\trcKernelPort.c">
      <Filter>Demo App Source</Filter>
    </ClCompile>
    <ClCompile Include="FreeRTOS-Plus\Source\FreeRTOS-Plus-Trace\trcSnapshotRecorder.c">
      <Filter>Demo App Source</Filter>
    </ClCompile>
    <ClCompile Include="FreeRTOS\Source\event_groups.c">
      <Filter>Demo App Source</Filter>
    </ClCompile>
    <ClCompile Include="FreeRTOS\Source\portable\MemMang\heap_5.c">
      <Filter>Demo App Source</Filter>
    </ClCompile>
    <ClCompile Include="FreeRTOS\Source\stream_buffer.c">
      <Filter>Demo App Source</Filter>
    </ClCompile>
    <ClCompile Include="FreeRTOS\Source\timers.c">
      <Filter>Demo App Source</Filter>
    </ClCompile>
    <ClCompile Include="FreeRTOS\Common\Minimal\AbortDelay.c">
      <Filter>Demo App Source</Filter>
    </ClCompile>
    <ClCompile Include="FreeRTOS\Common\Minimal\BlockQ.c">
      <Filter>Demo App Source</Filter>
    </ClCompile>
    <ClCompile Include="FreeRTOS\Common\Minimal\blocktim.c">
      <Filter>Demo App Source</Filter>
    </ClCompile>
    <ClCompile Include="FreeRTOS\Common\Minimal\countsem.c">
      <Filter>Demo App Source</Filter>
    </ClCompile>
    <ClCompile Include="FreeRTOS\Common\Minimal\death.c">
      <Filter>Demo App Source</Filter>
    </ClCompile>
    <ClCompile Include="FreeRTOS\Common\Minimal\dynamic.c">
      <Filter>Demo App Source</Filter>
    </ClCompile>
    <ClCompile Include="FreeRTOS\Common\Minimal\EventGroupsDemo.c">
      <Filter>Demo App Source</Filter>
    </ClCompile>
    <ClCompile Include="FreeRTOS\Common\Minimal\flop.c">
      <Filter>Demo App Source</Filter>
    </ClCompile>
    <ClCompile Include="FreeRTOS\Common\Minimal\GenQTest.c">
      <Filter>Demo App Source</Filter>
    </ClCompile>
    <ClCompile Include="FreeRTOS\Common\Minimal\integer.c">
      <Filter>Demo App Source</Filter>
    </ClCompile>
    <ClCompile Include="FreeRTOS\Common\Minimal\IntSemTest.c">
      <Filter>Demo App Source</Filter>
    </ClCompile>
    <ClCompile Include="FreeRTOS\Common\Minimal\MessageBufferAMP.c">
      <Filter>Demo App Source</Filter>
    </ClCompile>
    <ClCompile Include="FreeRTOS\Common\Minimal\PollQ.c">
      <Filter>Demo App Source</Filter>
    </ClCompile>
    <ClCompile Include="FreeRTOS\Common\Minimal\QPeek.c">
      <Filter>Demo App Source</Filter>
    </ClCompile>
    <ClCompile Include="FreeRTOS\Common\Minimal\QueueOverwrite.c">
      <Filter>Demo App Source</Filter>
    </ClCompile>
    <ClCompile Include="FreeRTOS\Common\Minimal\QueueSet.c">
      <Filter>Demo App Source</Filter>
    </ClCompile>
    <ClCompile Include="FreeRTOS\Common\Minimal\QueueSetPolling.c">
      <Filter>Demo App Source</Filter>
    </ClCompile>
    <ClCompile Include="FreeRTOS\Common\Minimal\recmutex.c">
      <Filter>Demo App Source</Filter>
    </ClCompile>
    <ClCompile Include="FreeRTOS\Common\Minimal\semtest.c">
      <Filter>Demo App Source</Filter>
    </ClCompile>
    <ClCompile Include="FreeRTOS\Common\Minimal\StaticAllocation.c">
      <Filter>Demo App Source</Filter>
    </ClCompile>
    <ClCompile Include="FreeRTOS\Common\Minimal\MessageBufferDemo.c">
      <Filter>Demo App Source</Filter>
    </ClCompile>
    <ClCompile Include="FreeRTOS\Common\Minimal\StreamBufferDemo.c">
      <Filter>Demo App Source</Filter>
    </ClCompile>
    <ClCompile Include="FreeRTOS\Common\Minimal\StreamBufferInterrupt.c">
      <Filter>Demo App Source</Filter>
    </ClCompile>
    <ClCompile Include="FreeRTOS\Common\Minimal\TaskNotify.c">
      <Filter>Demo App Source</Filter>
    </ClCompile>
    <ClCompile Include="FreeRTOS\Common\Minimal\TaskNotifyArray.c">
      <Filter>Demo App Source</Filter>
    </ClCompile>
    <ClCompile Include="FreeRTOS\Common\Minimal\timerdemo.c">
      <Filter>Demo App Source</Filter>
    </ClCompile>
    <ClCompile Include="hercules-phantom-lib\rtos-common\phantom_timer.c">
      <Filter>Demo App Source</Filter>
    </ClCompile>
    <ClCompile Include="hercules-phantom-lib\rtos-common\task_event_handler.c">
      <Filter>Demo App Source</Filter>
    </ClCompile>
    <ClCompile Include="hercules-phantom-lib\rtos-common\task_logger.c">
      <Filter>Demo App Source</Filter>
    </ClCompile>
    <ClCompile Include="FreeRTOS\Source\list.c">
      <Filter>Demo App Source</Filter>
    </ClCompile>
    <ClCompile Include="FreeRTOS\Source\portable\MSVC-MingW\port.c">
      <Filter>Demo App Source</Filter>
    </ClCompile>
    <ClCompile Include="FreeRTOS\Source\queue.c">
      <Filter>Demo App Source</Filter>
    </ClCompile>
    <ClCompile Include="FreeRTOS\Source\tasks.c">
      <Filter>Demo App Source</Filter>
    </ClCompile>
    <ClCompile Include="support\IPC.c">
      <Filter>Demo App Source</Filter>
    </ClCompile>
  </ItemGroup>
  <ItemGroup>
    <ClInclude Include="FreeRTOSConfig.h">
      <Filter>Configuration Files</Filter>
    </ClInclude>
    <ClInclude Include="Trace_Recorder_Configuration\trcConfig.h">
      <Filter>Configuration Files</Filter>
    </ClInclude>
    <ClInclude Include="Trace_Recorder_Configuration\trcKernelPortConfig.h">
      <Filter>Configuration Files</Filter>
    </ClInclude>
    <ClInclude Include="Trace_Recorder_Configuration\trcKernelPortSnapshotConfig.h">
      <Filter>Configuration Files</Filter>
    </ClInclude>
    <ClInclude Include="Trace_Recorder_Configuration\trcSnapshotConfig.h">
      <Filter>Configuration Files</Filter>
    </ClInclude>
    <ClInclude Include="hardware\launchpad_hw\board_hardware.h">
      <Filter>Configuration Files</Filter>
    </ClInclude>
    <ClInclude Include="hardware\vcu_hw\board_hardware.h">
      <Filter>Configuration Files</Filter>
    </ClInclude>
    <ClInclude Include="data_structures\vcu_common.h">
      <Filter>Configuration Files</Filter>
    </ClInclude>
    <ClInclude Include="tasks\task_config.h">
      <Filter>Configuration Files</Filter>
    </ClInclude>
    <ClInclude Include="Drivers\UART\Phantom_sci.h">
      <Filter>Configuration Files</Filter>
    </ClInclude>
    <ClInclude Include="Drivers\STATE_MACHINE\state_machine.h">
      <Filter>Configuration Files</Filter>
    </ClInclude>
    <ClInclude Include="tasks\headers\task_throttle.h">
      <Filter>Configuration Files</Filter>
    </ClInclude>
    <ClInclude Include="tasks\headers\task_pedal_readings.h">
      <Filter>Configuration Files</Filter>
    </ClInclude>
    <ClInclude Include="hercules-phantom-lib\hercules-phantom-lib\rtos-common\ansi_colors.h">
      <Filter>Configuration Files</Filter>
    </ClInclude>
    <ClInclude Include="hercules-phantom-lib\hercules-phantom-lib\rtos-common\phantom_timer.h">
      <Filter>Configuration Files</Filter>
    </ClInclude>
    <ClInclude Include="hercules-phantom-lib\hercules-phantom-lib\rtos-common\task_event_handler.h">
      <Filter>Configuration Files</Filter>
    </ClInclude>
    <ClInclude Include="hercules-phantom-lib\hercules-phantom-lib\rtos-common\task_logger.h">
      <Filter>Configuration Files</Filter>
    </ClInclude>
    <ClInclude Include="data_structures\vcu_data.h">
      <Filter>Configuration Files</Filter>
    </ClInclude>
    <ClInclude Include="Drivers\EEPROM\eeprom_driver.h">
      <Filter>Configuration Files</Filter>
    </ClInclude>
    <ClInclude Include="Drivers\RGB_LED\RGB_LED.h">
      <Filter>Configuration Files</Filter>
    </ClInclude>
    <ClInclude Include="Drivers\RTD_Buzzer\RTD_Buzzer.h">
      <Filter>Configuration Files</Filter>
    </ClInclude>
    <ClInclude Include="support\execution_timer.h">
      <Filter>Configuration Files</Filter>
    </ClInclude>
    <ClInclude Include="tasks\headers\task_eeprom.h">
      <Filter>Configuration Files</Filter>
    </ClInclude>
    <ClInclude Include="tasks\headers\task_watchdog.h">
      <Filter>Configuration Files</Filter>
    </ClInclude>
    <ClInclude Include="hercules-phantom-lib\hercules-phantom-lib\PHAL\HAL\include\adc.h">
      <Filter>Configuration Files</Filter>
    </ClInclude>
    <ClInclude Include="hercules-phantom-lib\hercules-phantom-lib\PHAL\HAL\include\can.h">
      <Filter>Configuration Files</Filter>
    </ClInclude>
    <ClInclude Include="hercules-phantom-lib\hercules-phantom-lib\PHAL\HAL\include\crc.h">
      <Filter>Configuration Files</Filter>
    </ClInclude>
    <ClInclude Include="hercules-phantom-lib\hercules-phantom-lib\PHAL\HAL\include\dcc.h">
      <Filter>Configuration Files</Filter>
    </ClInclude>
    <ClInclude Include="hercules-phantom-lib\hercules-phantom-lib\PHAL\HAL\include\Device_header.h">
      <Filter>Configuration Files</Filter>
    </ClInclude>
    <ClInclude Include="hercules-phantom-lib\hercules-phantom-lib\PHAL\HAL\include\Device_TMS570LS12.h">
      <Filter>Configuration Files</Filter>
    </ClInclude>
    <ClInclude Include="hercules-phantom-lib\hercules-phantom-lib\PHAL\HAL\include\Device_types.h">
      <Filter>Configuration Files</Filter>
    </ClInclude>
    <ClInclude Include="hercules-phantom-lib\hercules-phantom-lib\PHAL\HAL\include\ecap.h">
      <Filter>Configuration Files</Filter>
    </ClInclude>
    <ClInclude Include="hercules-phantom-lib\hercules-phantom-lib\PHAL\HAL\include\emac.h">
      <Filter>Configuration Files</Filter>
    </ClInclude>
    <ClInclude Include="hercules-phantom-lib\hercules-phantom-lib\PHAL\HAL\include\eqep.h">
      <Filter>Configuration Files</Filter>
    </ClInclude>
    <ClInclude Include="hercules-phantom-lib\hercules-phantom-lib\PHAL\HAL\include\errata_SSWF021_45.h">
      <Filter>Configuration Files</Filter>
    </ClInclude>
    <ClInclude Include="hercules-phantom-lib\hercules-phantom-lib\PHAL\HAL\include\errata_SSWF021_45_defs.h">
      <Filter>Configuration Files</Filter>
    </ClInclude>
    <ClInclude Include="hercules-phantom-lib\hercules-phantom-lib\PHAL\HAL\include\esm.h">
      <Filter>Configuration Files</Filter>
    </ClInclude>
    <ClInclude Include="hercules-phantom-lib\hercules-phantom-lib\PHAL\HAL\include\etpwm.h">
      <Filter>Configuration Files</Filter>
    </ClInclude>
    <ClInclude Include="hercules-phantom-lib\hercules-phantom-lib\PHAL\HAL\include\fee_interface.h">
      <Filter>Configuration Files</Filter>
    </ClInclude>
    <ClInclude Include="hercules-phantom-lib\hercules-phantom-lib\PHAL\HAL\include\gio.h">
      <Filter>Configuration Files</Filter>
    </ClInclude>
    <ClInclude Include="hercules-phantom-lib\hercules-phantom-lib\PHAL\HAL\include\hal_stdtypes.h">
      <Filter>Configuration Files</Filter>
    </ClInclude>
    <ClInclude Include="hercules-phantom-lib\hercules-phantom-lib\PHAL\HAL\include\het.h">
      <Filter>Configuration Files</Filter>
    </ClInclude>
    <ClInclude Include="hercules-phantom-lib\hercules-phantom-lib\PHAL\HAL\include\htu.h">
      <Filter>Configuration Files</Filter>
    </ClInclude>
    <ClInclude Include="hercules-phantom-lib\hercules-phantom-lib\PHAL\HAL\include\hw_emac.h">
      <Filter>Configuration Files</Filter>
    </ClInclude>
    <ClInclude Include="hercules-phantom-lib\hercules-phantom-lib\PHAL\HAL\include\hw_emac_ctrl.h">
      <Filter>Configuration Files</Filter>
    </ClInclude>
    <ClInclude Include="hercules-phantom-lib\hercules-phantom-lib\PHAL\HAL\include\hw_mdio.h">
      <Filter>Configuration Files</Filter>
    </ClInclude>
    <ClInclude Include="hercules-phantom-lib\hercules-phantom-lib\PHAL\HAL\include\hw_reg_access.h">
      <Filter>Configuration Files</Filter>
    </ClInclude>
    <ClInclude Include="hercules-phantom-lib\hercules-phantom-lib\PHAL\HAL\include\i2c.h">
      <Filter>Configuration Files</Filter>
    </ClInclude>
    <ClInclude Include="hercules-phantom-lib\hercules-phantom-lib\PHAL\HAL\include\lin.h">
      <Filter>Configuration Files</Filter>
    </ClInclude>
    <ClInclude Include="hercules-phantom-lib\hercules-phantom-lib\PHAL\HAL\include\mdio.h">
      <Filter>Configuration Files</Filter>
    </ClInclude>
    <ClInclude Include="hercules-phantom-lib\hercules-phantom-lib\PHAL\HAL\include\MemMap.h">
      <Filter>Configuration Files</Filter>
    </ClInclude>
    <ClInclude Include="hercules-phantom-lib\hercules-phantom-lib\PHAL\HAL\include\mibspi.h">
      <Filter>Configuration Files</Filter>
    </ClInclude>
    <ClInclude Include="hercules-phantom-lib\hercules-phantom-lib\PHAL\HAL\include\phy_dp83640.h">
      <Filter>Configuration Files</Filter>
    </ClInclude>
    <ClInclude Include="hercules-phantom-lib\hercules-phantom-lib\PHAL\HAL\include\pinmux.h">
      <Filter>Configuration Files</Filter>
    </ClInclude>
    <ClInclude Include="hercules-phantom-lib\hercules-phantom-lib\PHAL\HAL\include\reg_adc.h">
      <Filter>Configuration Files</Filter>
    </ClInclude>
    <ClInclude Include="hercules-phantom-lib\hercules-phantom-lib\PHAL\HAL\include\reg_can.h">
      <Filter>Configuration Files</Filter>
    </ClInclude>
    <ClInclude Include="hercules-phantom-lib\hercules-phantom-lib\PHAL\HAL\include\reg_crc.h">
      <Filter>Configuration Files</Filter>
    </ClInclude>
    <ClInclude Include="hercules-phantom-lib\hercules-phantom-lib\PHAL\HAL\include\reg_dcc.h">
      <Filter>Configuration Files</Filter>
    </ClInclude>
    <ClInclude Include="hercules-phantom-lib\hercules-phantom-lib\PHAL\HAL\include\reg_dma.h">
      <Filter>Configuration Files</Filter>
    </ClInclude>
    <ClInclude Include="hercules-phantom-lib\hercules-phantom-lib\PHAL\HAL\include\reg_ecap.h">
      <Filter>Configuration Files</Filter>
    </ClInclude>
    <ClInclude Include="hercules-phantom-lib\hercules-phantom-lib\PHAL\HAL\include\reg_efc.h">
      <Filter>Configuration Files</Filter>
    </ClInclude>
    <ClInclude Include="hercules-phantom-lib\hercules-phantom-lib\PHAL\HAL\include\reg_eqep.h">
      <Filter>Configuration Files</Filter>
    </ClInclude>
    <ClInclude Include="hercules-phantom-lib\hercules-phantom-lib\PHAL\HAL\include\reg_esm.h">
      <Filter>Configuration Files</Filter>
    </ClInclude>
    <ClInclude Include="hercules-phantom-lib\hercules-phantom-lib\PHAL\HAL\include\reg_etpwm.h">
      <Filter>Configuration Files</Filter>
    </ClInclude>
    <ClInclude Include="hercules-phantom-lib\hercules-phantom-lib\PHAL\HAL\include\reg_flash.h">
      <Filter>Configuration Files</Filter>
    </ClInclude>
    <ClInclude Include="hercules-phantom-lib\hercules-phantom-lib\PHAL\HAL\include\reg_gio.h">
      <Filter>Configuration Files</Filter>
    </ClInclude>
    <ClInclude Include="hercules-phantom-lib\hercules-phantom-lib\PHAL\HAL\include\reg_het.h">
      <Filter>Configuration Files</Filter>
    </ClInclude>
    <ClInclude Include="hercules-phantom-lib\hercules-phantom-lib\PHAL\HAL\include\reg_htu.h">
      <Filter>Configuration Files</Filter>
    </ClInclude>
    <ClInclude Include="hercules-phantom-lib\hercules-phantom-lib\PHAL\HAL\include\reg_i2c.h">
      <Filter>Configuration Files</Filter>
    </ClInclude>
    <ClInclude Include="hercules-phantom-lib\hercules-phantom-lib\PHAL\HAL\include\reg_lin.h">
      <Filter>Configuration Files</Filter>
    </ClInclude>
    <ClInclude Include="hercules-phantom-lib\hercules-phantom-lib\PHAL\HAL\include\reg_mibspi.h">
      <Filter>Configuration Files</Filter>
    </ClInclude>
    <ClInclude Include="hercules-phantom-lib\hercules-phantom-lib\PHAL\HAL\include\reg_pbist.h">
      <Filter>Configuration Files</Filter>
    </ClInclude>
    <ClInclude Include="hercules-phantom-lib\hercules-phantom-lib\PHAL\HAL\include\reg_pcr.h">
      <Filter>Configuration Files</Filter>
    </ClInclude>
    <ClInclude Include="hercules-phantom-lib\hercules-phantom-lib\PHAL\HAL\include\reg_pinmux.h">
      <Filter>Configuration Files</Filter>
    </ClInclude>
    <ClInclude Include="hercules-phantom-lib\hercules-phantom-lib\PHAL\HAL\include\reg_pmm.h">
      <Filter>Configuration Files</Filter>
    </ClInclude>
    <ClInclude Include="hercules-phantom-lib\hercules-phantom-lib\PHAL\HAL\include\reg_rti.h">
      <Filter>Configuration Files</Filter>
    </ClInclude>
    <ClInclude Include="hercules-phantom-lib\hercules-phantom-lib\PHAL\HAL\include\reg_sci.h">
      <Filter>Configuration Files</Filter>
    </ClInclude>
    <ClInclude Include="hercules-phantom-lib\hercules-phantom-lib\PHAL\HAL\include\reg_spi.h">
      <Filter>Configuration Files</Filter>
    </ClInclude>
    <ClInclude Include="hercules-phantom-lib\hercules-phantom-lib\PHAL\HAL\include\reg_stc.h">
      <Filter>Configuration Files</Filter>
    </ClInclude>
    <ClInclude Include="hercules-phantom-lib\hercules-phantom-lib\PHAL\HAL\include\reg_system.h">
      <Filter>Configuration Files</Filter>
    </ClInclude>
    <ClInclude Include="hercules-phantom-lib\hercules-phantom-lib\PHAL\HAL\include\reg_tcram.h">
      <Filter>Configuration Files</Filter>
    </ClInclude>
    <ClInclude Include="hercules-phantom-lib\hercules-phantom-lib\PHAL\HAL\include\reg_vim.h">
      <Filter>Configuration Files</Filter>
    </ClInclude>
    <ClInclude Include="hercules-phantom-lib\hercules-phantom-lib\PHAL\HAL\include\rti.h">
      <Filter>Configuration Files</Filter>
    </ClInclude>
    <ClInclude Include="hercules-phantom-lib\hercules-phantom-lib\PHAL\HAL\include\sci.h">
      <Filter>Configuration Files</Filter>
    </ClInclude>
    <ClInclude Include="hercules-phantom-lib\hercules-phantom-lib\PHAL\HAL\include\spi.h">
      <Filter>Configuration Files</Filter>
    </ClInclude>
    <ClInclude Include="hercules-phantom-lib\hercules-phantom-lib\PHAL\HAL\include\std_nhet.h">
      <Filter>Configuration Files</Filter>
    </ClInclude>
    <ClInclude Include="hercules-phantom-lib\hercules-phantom-lib\PHAL\HAL\include\sys_common.h">
      <Filter>Configuration Files</Filter>
    </ClInclude>
    <ClInclude Include="hercules-phantom-lib\hercules-phantom-lib\PHAL\HAL\include\sys_core.h">
      <Filter>Configuration Files</Filter>
    </ClInclude>
    <ClInclude Include="hercules-phantom-lib\hercules-phantom-lib\PHAL\HAL\include\sys_dma.h">
      <Filter>Configuration Files</Filter>
    </ClInclude>
    <ClInclude Include="hercules-phantom-lib\hercules-phantom-lib\PHAL\HAL\include\sys_mpu.h">
      <Filter>Configuration Files</Filter>
    </ClInclude>
    <ClInclude Include="hercules-phantom-lib\hercules-phantom-lib\PHAL\HAL\include\sys_pcr.h">
      <Filter>Configuration Files</Filter>
    </ClInclude>
    <ClInclude Include="hercules-phantom-lib\hercules-phantom-lib\PHAL\HAL\include\sys_pmm.h">
      <Filter>Configuration Files</Filter>
    </ClInclude>
    <ClInclude Include="hercules-phantom-lib\hercules-phantom-lib\PHAL\HAL\include\sys_pmu.h">
      <Filter>Configuration Files</Filter>
    </ClInclude>
    <ClInclude Include="hercules-phantom-lib\hercules-phantom-lib\PHAL\HAL\include\sys_selftest.h">
      <Filter>Configuration Files</Filter>
    </ClInclude>
    <ClInclude Include="hercules-phantom-lib\hercules-phantom-lib\PHAL\HAL\include\sys_vim.h">
      <Filter>Configuration Files</Filter>
    </ClInclude>
    <ClInclude Include="hercules-phantom-lib\hercules-phantom-lib\PHAL\HAL\include\system.h">
      <Filter>Configuration Files</Filter>
    </ClInclude>
    <ClInclude Include="hercules-phantom-lib\hercules-phantom-lib\PHAL\HAL\include\ti_fee.h">
      <Filter>Configuration Files</Filter>
    </ClInclude>
    <ClInclude Include="hercules-phantom-lib\hercules-phantom-lib\PHAL\HAL\include\ti_fee_cfg.h">
      <Filter>Configuration Files</Filter>
    </ClInclude>
    <ClInclude Include="hercules-phantom-lib\hercules-phantom-lib\PHAL\HAL\include\ti_fee_types.h">
      <Filter>Configuration Files</Filter>
    </ClInclude>
    <ClInclude Include="Drivers\DAC_SPI\MCP48FV_DAC_SPI.h">
      <Filter>Configuration Files</Filter>
    </ClInclude>
    <ClInclude Include="FreeRTOS-Plus\Source\FreeRTOS-Plus-Trace\Include\trcKernelPort.h">
      <Filter>Configuration Files</Filter>
    </ClInclude>
    <ClInclude Include="FreeRTOS-Plus\Source\FreeRTOS-Plus-Trace\Include\trcRecorder.h">
      <Filter>Configuration Files</Filter>
    </ClInclude>
    <ClInclude Include="FreeRTOS\Source\include\event_groups.h">
      <Filter>Configuration Files</Filter>
    </ClInclude>
    <ClInclude Include="FreeRTOS\Source\include\message_buffer.h">
      <Filter>Configuration Files</Filter>
    </ClInclude>
    <ClInclude Include="FreeRTOS\Source\include\stream_buffer.h">
      <Filter>Configuration Files</Filter>
    </ClInclude>
    <ClInclude Include="FreeRTOS\Source\include\timers.h">
      <Filter>Configuration Files</Filter>
    </ClInclude>
    <ClInclude Include="FreeRTOS\Source\portable\MSVC-MingW\portmacro.h">
      <Filter>Configuration Files</Filter>
    </ClInclude>
    <ClInclude Include="FreeRTOS\Source\include\FreeRTOS.h">
      <Filter>Configuration Files</Filter>
    </ClInclude>
    <ClInclude Include="FreeRTOS\Source\include\list.h">
      <Filter>Configuration Files</Filter>
    </ClInclude>
    <ClInclude Include="FreeRTOS\Source\include\portable.h">
      <Filter>Configuration Files</Filter>
    </ClInclude>
    <ClInclude Include="FreeRTOS\Source\include\projdefs.h">
      <Filter>Configuration Files</Filter>
    </ClInclude>
    <ClInclude Include="FreeRTOS\Source\include\queue.h">
      <Filter>Configuration Files</Filter>
    </ClInclude>
    <ClInclude Include="FreeRTOS\Source\include\semphr.h">
      <Filter>Configuration Files</Filter>
    </ClInclude>
    <ClInclude Include="FreeRTOS\Source\include\task.h">
      <Filter>Configuration Files</Filter>
    </ClInclude>
    <ClInclude Include="support\IPC.h">
      <Filter>Configuration Files</Filter>
    </ClInclude>
  </ItemGroup>
  <ItemGroup>
    <None Include="packages.config" />
  </ItemGroup>
</Project>